# Auto-generated by scripts/vendor-proxy.sh — do not edit by hand.
# The files below are a mirror of https://github.com/wiresock/amneziawg-install:amneziawg-proxy/src
# transformed with sed 's/crate::/crate::proxy::/g', then the local patches in
# src/proxy/patches/ applied. Regenerate via scripts/vendor-proxy.sh.
repo=https://github.com/wiresock/amneziawg-install
ref=9f5a1afb87f73fd44b83e8abc8a0388efceeb8d5
requested_ref=proxy-v0.1.12
subdir=amneziawg-proxy/src
transform=s/crate::/crate::proxy::/g
proxy_version=0.1.12
# sha256 of each vendored file AS WRITTEN into src/proxy/ (post-transform, post-patch):
backend.rs=887f0c2e37bf2409e81d05f9631e253226487b76a22b7893c292e38355d1dfa2
config.rs=e8835c07ea0b953886eced0e260433604a25012d2d1dd3211a92346a86b33637
errors.rs=b23145fd28f52bdffe6ac1f606bbbe0800395ae5bda8d4c7b75b48b644667d8a
metrics.rs=c29cd0c66074ccf74d6d5f73e22c25b5035a84df8b66c00f877481713118201c
proxy.rs=f669538e9b404670b9bc01acd0b55bfcd9893605193b450a91ce10045308796a
quic_handshake.rs=bd535f0e6b996547a79314602cdbb05af21fb404e59af55714d9b53951830e5d
responder.rs=b5394a2c4c585c1a76bcf20af710b87f102bfbc776f37080c0b2f912d50fc085
session.rs=4bf8deb108ef193f4beb4051de4f4388266ad6d73f8f799824d64de4f7cf68d1
transform.rs=c21a068b0b5d656dc9ccd9ec7b3ed6e6ea3356fea577c0c3629da67720b33c81
# sha256 of each local security patch (applied after the transform):
patch/0001-deconstant-dns-sip-fingerprints.patch=2734ee811332b3537dc5deb4d8ae6565386bc98ed1b873073991f47a50b66e67
patch/0002-cfg-test-gate-toml-config-loader.patch=9351bd98997de5b3223c34c442742f6f289ee05079c8d19846661e8aa5a8ea47
patch/0003-coffeeblack-in-house-deps-and-hardening.patch=754b0e45980a2b381ff710a59d85a69339ec9b89f22b403fa466900188fa147c
patch/0004-deflake-quic-probe-rate-limit-test.patch=1ad7b22e335fff9f7380ceeeb7c98e8255d0308d8ea8747f00ceeeb1038e8b80
