# Auto-generated by scripts/vendor-proxy.sh — do not edit by hand.
# The files below are a mirror of https://github.com/wiresock/amneziawg-install:amneziawg-proxy/src
# transformed with sed 's/crate::/crate::proxy::/g', then the local patches in
# src/proxy/patches/ applied. Regenerate via scripts/vendor-proxy.sh.
repo=https://github.com/wiresock/amneziawg-install
ref=ee9a03fa0c4111661f4e669300fbc97d5844442c
requested_ref=proxy-v0.1.9
subdir=amneziawg-proxy/src
transform=s/crate::/crate::proxy::/g
proxy_version=0.1.9
# sha256 of each vendored file AS WRITTEN into src/proxy/ (post-transform, post-patch):
backend.rs=b8b7c293d900b70ebbbf1cd07cdcf05fdbca2ae861a0ffc2ae58d31ac1d9f50a
config.rs=eb9b7af0a58a24316358595d88f78b73e9f9553066223a099a0d2f200016b8e5
errors.rs=d2b184a641b7cef20c782777877ac101787c62023a257d33b26d79a905e28427
metrics.rs=339b3f46963b0fc7773757e4966fd1436c1434366771c15984bce4223552493d
proxy.rs=e184a88aa4461f7217bb2faca679808f84959d70bed3bc6bdb695f6b9d0199cb
quic_handshake.rs=8ed66bcec882f778be9fdbd471fe1161dae0bb40548185dd6cb9565b86cc3b69
responder.rs=55e7e88245b17779c3fb2284c881e24f44c923727a1d1f6462a5b29facd8aada
session.rs=d9a40de544c4e8811a3a664668c0950033abadfd36e9a2d2a995086439e61f5c
transform.rs=3a3cd40b8e3af4cef7285d20a7b11b07169078ed315675f7334cb4789c6d19a9
# sha256 of each local security patch (applied after the transform):
patch/0001-deconstant-dns-sip-fingerprints.patch=4ee744a6155a125b6461929bf4414fc335163ea2805758b62868fd2c93634a1a
patch/0002-cfg-test-gate-toml-config-loader.patch=9351bd98997de5b3223c34c442742f6f289ee05079c8d19846661e8aa5a8ea47
